// !$*UTF8*$!
{
	archiveVersion = 1;
	classes = {
	};
	objectVersion = 56;
	objects = {

/* Begin PBXBuildFile section */
		730830A229868185007F80E8 /* NoteScreenView.swift in Sources */ = {isa = PBXBuildFile; fileRef = 730830A129868185007F80E8 /* NoteScreenView.swift */; };
		730830A62986841C007F80E8 /* RoundedButtonStyle.swift in Sources */ = {isa = PBXBuildFile; fileRef = 730830A52986841C007F80E8 /* RoundedButtonStyle.swift */; };
		7309C1C02B83FCF200C63A66 /* AppSettings.swift in Sources */ = {isa = PBXBuildFile; fileRef = 7309C1BF2B83FCF200C63A66 /* AppSettings.swift */; };
		733DE6092957BF6900508D9C /* MyNotesApp.swift in Sources */ = {isa = PBXBuildFile; fileRef = 733DE6082957BF6900508D9C /* MyNotesApp.swift */; };
		733DE60B2957BF6900508D9C /* ContentView.swift in Sources */ = {isa = PBXBuildFile; fileRef = 733DE60A2957BF6900508D9C /* ContentView.swift */; };
		733DE60D2957BF6B00508D9C /* Assets.xcassets in Resources */ = {isa = PBXBuildFile; fileRef = 733DE60C2957BF6B00508D9C /* Assets.xcassets */; };
		733DE6102957BF6B00508D9C /* Preview Assets.xcassets in Resources */ = {isa = PBXBuildFile; fileRef = 733DE60F2957BF6B00508D9C /* Preview Assets.xcassets */; };
		733DE61A2957BF6B00508D9C /* MyNotesTests.swift in Sources */ = {isa = PBXBuildFile; fileRef = 733DE6192957BF6B00508D9C /* MyNotesTests.swift */; };
		733DE6362957C01700508D9C /* CustomNavigationBar.swift in Sources */ = {isa = PBXBuildFile; fileRef = 733DE6352957C01700508D9C /* CustomNavigationBar.swift */; };
		733DE6382957CA4700508D9C /* Images.xcassets in Resources */ = {isa = PBXBuildFile; fileRef = 733DE6372957CA4700508D9C /* Images.xcassets */; };
		733DE63A2957CC6900508D9C /* Colors.xcassets in Resources */ = {isa = PBXBuildFile; fileRef = 733DE6392957CC6900508D9C /* Colors.xcassets */; };
		735575712CB5C5C70059EA24 /* Localizable.xcstrings in Resources */ = {isa = PBXBuildFile; fileRef = 735575702CB5C5C70059EA24 /* Localizable.xcstrings */; };
		735E99872CB83B4B00436DCB /* TextFieldClearButton.swift in Sources */ = {isa = PBXBuildFile; fileRef = 735E99862CB83B4B00436DCB /* TextFieldClearButton.swift */; };
		7360228F2CBC5896002E645C /* CustomNavigationBarViewModifier.swift in Sources */ = {isa = PBXBuildFile; fileRef = 7360228E2CBC5896002E645C /* CustomNavigationBarViewModifier.swift */; };
		736022912CBC5AD9002E645C /* CustomBottomNavigationBarViewModifier.swift in Sources */ = {isa = PBXBuildFile; fileRef = 736022902CBC5AD9002E645C /* CustomBottomNavigationBarViewModifier.swift */; };
		736022932CBC5D5C002E645C /* CustomBottomNavigationBar.swift in Sources */ = {isa = PBXBuildFile; fileRef = 736022922CBC5D5C002E645C /* CustomBottomNavigationBar.swift */; };
		736022952CBC6DE1002E645C /* NoteListScreenBuilder.swift in Sources */ = {isa = PBXBuildFile; fileRef = 736022942CBC6DE1002E645C /* NoteListScreenBuilder.swift */; };
		736022972CBC6FE6002E645C /* NoteScreenBuilder.swift in Sources */ = {isa = PBXBuildFile; fileRef = 736022962CBC6FE6002E645C /* NoteScreenBuilder.swift */; };
		7360229A2CBC7BBE002E645C /* NoteEntityMock.swift in Sources */ = {isa = PBXBuildFile; fileRef = 736022992CBC7BBE002E645C /* NoteEntityMock.swift */; };
		7378A6672CB8907E0074A5C4 /* NoteMapper.swift in Sources */ = {isa = PBXBuildFile; fileRef = 7378A6662CB8907E0074A5C4 /* NoteMapper.swift */; };
		73924C592CB88E290034D62E /* Note.swift in Sources */ = {isa = PBXBuildFile; fileRef = 73924C582CB88E290034D62E /* Note.swift */; };
		73924C5B2CB88E3E0034D62E /* Mood.swift in Sources */ = {isa = PBXBuildFile; fileRef = 73924C5A2CB88E3E0034D62E /* Mood.swift */; };
		73924C602CB88F860034D62E /* NoteData.swift in Sources */ = {isa = PBXBuildFile; fileRef = 73924C5F2CB88F860034D62E /* NoteData.swift */; };
		7393B84F2A0C1EE70021BF2A /* NoteScreenViewModel.swift in Sources */ = {isa = PBXBuildFile; fileRef = 7393B84E2A0C1EE70021BF2A /* NoteScreenViewModel.swift */; };
		7394189D2A820BDA00AC553B /* PreviewNoteContainer.swift in Sources */ = {isa = PBXBuildFile; fileRef = 7394189C2A820BDA00AC553B /* PreviewNoteContainer.swift */; };
		73C72961295A3FCD00BD4885 /* NoteCellView.swift in Sources */ = {isa = PBXBuildFile; fileRef = 73C72960295A3FCD00BD4885 /* NoteCellView.swift */; };
		73D2E0962A23F94100FE0D6D /* NoteScreenFlow.swift in Sources */ = {isa = PBXBuildFile; fileRef = 73D2E0952A23F94100FE0D6D /* NoteScreenFlow.swift */; };
		73DDE75C2CB56C670015FB29 /* SystemIcons.swift in Sources */ = {isa = PBXBuildFile; fileRef = 73DDE75B2CB56C670015FB29 /* SystemIcons.swift */; };
		73DFA3642CB9424800B32204 /* SaveNoteUseCase.swift in Sources */ = {isa = PBXBuildFile; fileRef = 73DFA3632CB9424800B32204 /* SaveNoteUseCase.swift */; };
		73DFA3662CB9432F00B32204 /* SaveNoteUseCaseImpl.swift in Sources */ = {isa = PBXBuildFile; fileRef = 73DFA3652CB9432F00B32204 /* SaveNoteUseCaseImpl.swift */; };
		73DFA3692CB943FE00B32204 /* NoteRepository.swift in Sources */ = {isa = PBXBuildFile; fileRef = 73DFA3682CB943FE00B32204 /* NoteRepository.swift */; };
		73DFA36E2CB9449C00B32204 /* NoteRepositoryImpl.swift in Sources */ = {isa = PBXBuildFile; fileRef = 73DFA36D2CB9449C00B32204 /* NoteRepositoryImpl.swift */; };
		73DFA3702CB9473900B32204 /* FetchAllNotesUseCase.swift in Sources */ = {isa = PBXBuildFile; fileRef = 73DFA36F2CB9473900B32204 /* FetchAllNotesUseCase.swift */; };
		73DFA3722CB9478D00B32204 /* FetchAllNotesUseCaseImpl.swift in Sources */ = {isa = PBXBuildFile; fileRef = 73DFA3712CB9478D00B32204 /* FetchAllNotesUseCaseImpl.swift */; };
		73DFA3742CB9653600B32204 /* DeleteNoteUseCase.swift in Sources */ = {isa = PBXBuildFile; fileRef = 73DFA3732CB9653600B32204 /* DeleteNoteUseCase.swift */; };
		73DFA3762CB9655E00B32204 /* DeleteNoteUseCaseImpl.swift in Sources */ = {isa = PBXBuildFile; fileRef = 73DFA3752CB9655E00B32204 /* DeleteNoteUseCaseImpl.swift */; };
		73DFA37B2CB96FD400B32204 /* NoteListView.swift in Sources */ = {isa = PBXBuildFile; fileRef = 73DFA37A2CB96FD400B32204 /* NoteListView.swift */; };
		73DFA37D2CB9787200B32204 /* NoteListViewModel.swift in Sources */ = {isa = PBXBuildFile; fileRef = 73DFA37C2CB9787200B32204 /* NoteListViewModel.swift */; };
		73DFA37F2CB99A8D00B32204 /* NoteListModel.swift in Sources */ = {isa = PBXBuildFile; fileRef = 73DFA37E2CB99A8D00B32204 /* NoteListModel.swift */; };
		73DFA3812CB9B97D00B32204 /* NoteScreenModel.swift in Sources */ = {isa = PBXBuildFile; fileRef = 73DFA3802CB9B97D00B32204 /* NoteScreenModel.swift */; };
		73FE6C342BC6C64700567D69 /* NoteScreenViewState.swift in Sources */ = {isa = PBXBuildFile; fileRef = 73FE6C332BC6C64700567D69 /* NoteScreenViewState.swift */; };
/* End PBXBuildFile section */

/* Begin PBXContainerItemProxy section */
		733DE6162957BF6B00508D9C /* PBXContainerItemProxy */ = {
			isa = PBXContainerItemProxy;
			containerPortal = 733DE5FD2957BF6900508D9C /* Project object */;
			proxyType = 1;
			remoteGlobalIDString = 733DE6042957BF6900508D9C;
			remoteInfo = MyNotes;
		};
/* End PBXContainerItemProxy section */

/* Begin PBXFileReference section */
		730830A129868185007F80E8 /* NoteScreenView.swift */ = {isa = PBXFileReference; lastKnownFileType = sourcecode.swift; path = NoteScreenView.swift; sourceTree = "<group>"; };
		730830A52986841C007F80E8 /* RoundedButtonStyle.swift */ = {isa = PBXFileReference; lastKnownFileType = sourcecode.swift; path = RoundedButtonStyle.swift; sourceTree = "<group>"; };
		7309C1BF2B83FCF200C63A66 /* AppSettings.swift */ = {isa = PBXFileReference; lastKnownFileType = sourcecode.swift; path = AppSettings.swift; sourceTree = "<group>"; };
		733DE6052957BF6900508D9C /* MyNotes.app */ = {isa = PBXFileReference; explicitFileType = wrapper.application; includeInIndex = 0; path = MyNotes.app; sourceTree = BUILT_PRODUCTS_DIR; };
		733DE6082957BF6900508D9C /* MyNotesApp.swift */ = {isa = PBXFileReference; lastKnownFileType = sourcecode.swift; path = MyNotesApp.swift; sourceTree = "<group>"; };
		733DE60A2957BF6900508D9C /* ContentView.swift */ = {isa = PBXFileReference; lastKnownFileType = sourcecode.swift; path = ContentView.swift; sourceTree = "<group>"; };
		733DE60C2957BF6B00508D9C /* Assets.xcassets */ = {isa = PBXFileReference; lastKnownFileType = folder.assetcatalog; path = Assets.xcassets; sourceTree = "<group>"; };
		733DE60F2957BF6B00508D9C /* Preview Assets.xcassets */ = {isa = PBXFileReference; lastKnownFileType = folder.assetcatalog; path = "Preview Assets.xcassets"; sourceTree = "<group>"; };
		733DE6152957BF6B00508D9C /* MyNotesTests.xctest */ = {isa = PBXFileReference; explicitFileType = wrapper.cfbundle; includeInIndex = 0; path = MyNotesTests.xctest; sourceTree = BUILT_PRODUCTS_DIR; };
		733DE6192957BF6B00508D9C /* MyNotesTests.swift */ = {isa = PBXFileReference; lastKnownFileType = sourcecode.swift; path = MyNotesTests.swift; sourceTree = "<group>"; };
		733DE6352957C01700508D9C /* CustomNavigationBar.swift */ = {isa = PBXFileReference; lastKnownFileType = sourcecode.swift; path = CustomNavigationBar.swift; sourceTree = "<group>"; };
		733DE6372957CA4700508D9C /* Images.xcassets */ = {isa = PBXFileReference; lastKnownFileType = folder.assetcatalog; path = Images.xcassets; sourceTree = "<group>"; };
		733DE6392957CC6900508D9C /* Colors.xcassets */ = {isa = PBXFileReference; lastKnownFileType = folder.assetcatalog; path = Colors.xcassets; sourceTree = "<group>"; };
		735575702CB5C5C70059EA24 /* Localizable.xcstrings */ = {isa = PBXFileReference; lastKnownFileType = text.json.xcstrings; path = Localizable.xcstrings; sourceTree = "<group>"; };
		735E99862CB83B4B00436DCB /* TextFieldClearButton.swift */ = {isa = PBXFileReference; lastKnownFileType = sourcecode.swift; path = TextFieldClearButton.swift; sourceTree = "<group>"; };
		7360228E2CBC5896002E645C /* CustomNavigationBarViewModifier.swift */ = {isa = PBXFileReference; lastKnownFileType = sourcecode.swift; path = CustomNavigationBarViewModifier.swift; sourceTree = "<group>"; };
		736022902CBC5AD9002E645C /* CustomBottomNavigationBarViewModifier.swift */ = {isa = PBXFileReference; lastKnownFileType = sourcecode.swift; path = CustomBottomNavigationBarViewModifier.swift; sourceTree = "<group>"; };
		736022922CBC5D5C002E645C /* CustomBottomNavigationBar.swift */ = {isa = PBXFileReference; lastKnownFileType = sourcecode.swift; path = CustomBottomNavigationBar.swift; sourceTree = "<group>"; };
		736022942CBC6DE1002E645C /* NoteListScreenBuilder.swift */ = {isa = PBXFileReference; lastKnownFileType = sourcecode.swift; path = NoteListScreenBuilder.swift; sourceTree = "<group>"; };
		736022962CBC6FE6002E645C /* NoteScreenBuilder.swift */ = {isa = PBXFileReference; lastKnownFileType = sourcecode.swift; path = NoteScreenBuilder.swift; sourceTree = "<group>"; };
		736022992CBC7BBE002E645C /* NoteEntityMock.swift */ = {isa = PBXFileReference; lastKnownFileType = sourcecode.swift; path = NoteEntityMock.swift; sourceTree = "<group>"; };
		7378A6662CB8907E0074A5C4 /* NoteMapper.swift */ = {isa = PBXFileReference; lastKnownFileType = sourcecode.swift; path = NoteMapper.swift; sourceTree = "<group>"; };
		73924C582CB88E290034D62E /* Note.swift */ = {isa = PBXFileReference; lastKnownFileType = sourcecode.swift; path = Note.swift; sourceTree = "<group>"; };
		73924C5A2CB88E3E0034D62E /* Mood.swift */ = {isa = PBXFileReference; lastKnownFileType = sourcecode.swift; path = Mood.swift; sourceTree = "<group>"; };
		73924C5F2CB88F860034D62E /* NoteData.swift */ = {isa = PBXFileReference; lastKnownFileType = sourcecode.swift; path = NoteData.swift; sourceTree = "<group>"; };
		7393B84E2A0C1EE70021BF2A /* NoteScreenViewModel.swift */ = {isa = PBXFileReference; lastKnownFileType = sourcecode.swift; path = NoteScreenViewModel.swift; sourceTree = "<group>"; };
		7394189C2A820BDA00AC553B /* PreviewNoteContainer.swift */ = {isa = PBXFileReference; lastKnownFileType = sourcecode.swift; path = PreviewNoteContainer.swift; sourceTree = "<group>"; };
		73C72960295A3FCD00BD4885 /* NoteCellView.swift */ = {isa = PBXFileReference; lastKnownFileType = sourcecode.swift; path = NoteCellView.swift; sourceTree = "<group>"; };
		73D2E0952A23F94100FE0D6D /* NoteScreenFlow.swift */ = {isa = PBXFileReference; lastKnownFileType = sourcecode.swift; path = NoteScreenFlow.swift; sourceTree = "<group>"; };
		73DDE75B2CB56C670015FB29 /* SystemIcons.swift */ = {isa = PBXFileReference; lastKnownFileType = sourcecode.swift; path = SystemIcons.swift; sourceTree = "<group>"; };
		73DFA3632CB9424800B32204 /* SaveNoteUseCase.swift */ = {isa = PBXFileReference; lastKnownFileType = sourcecode.swift; path = SaveNoteUseCase.swift; sourceTree = "<group>"; };
		73DFA3652CB9432F00B32204 /* SaveNoteUseCaseImpl.swift */ = {isa = PBXFileReference; lastKnownFileType = sourcecode.swift; path = SaveNoteUseCaseImpl.swift; sourceTree = "<group>"; };
		73DFA3682CB943FE00B32204 /* NoteRepository.swift */ = {isa = PBXFileReference; lastKnownFileType = sourcecode.swift; path = NoteRepository.swift; sourceTree = "<group>"; };
		73DFA36D2CB9449C00B32204 /* NoteRepositoryImpl.swift */ = {isa = PBXFileReference; lastKnownFileType = sourcecode.swift; path = NoteRepositoryImpl.swift; sourceTree = "<group>"; };
		73DFA36F2CB9473900B32204 /* FetchAllNotesUseCase.swift */ = {isa = PBXFileReference; lastKnownFileType = sourcecode.swift; path = FetchAllNotesUseCase.swift; sourceTree = "<group>"; };
		73DFA3712CB9478D00B32204 /* FetchAllNotesUseCaseImpl.swift */ = {isa = PBXFileReference; lastKnownFileType = sourcecode.swift; path = FetchAllNotesUseCaseImpl.swift; sourceTree = "<group>"; };
		73DFA3732CB9653600B32204 /* DeleteNoteUseCase.swift */ = {isa = PBXFileReference; lastKnownFileType = sourcecode.swift; path = DeleteNoteUseCase.swift; sourceTree = "<group>"; };
		73DFA3752CB9655E00B32204 /* DeleteNoteUseCaseImpl.swift */ = {isa = PBXFileReference; lastKnownFileType = sourcecode.swift; path = DeleteNoteUseCaseImpl.swift; sourceTree = "<group>"; };
		73DFA37A2CB96FD400B32204 /* NoteListView.swift */ = {isa = PBXFileReference; lastKnownFileType = sourcecode.swift; path = NoteListView.swift; sourceTree = "<group>"; };
		73DFA37C2CB9787200B32204 /* NoteListViewModel.swift */ = {isa = PBXFileReference; lastKnownFileType = sourcecode.swift; path = NoteListViewModel.swift; sourceTree = "<group>"; };
		73DFA37E2CB99A8D00B32204 /* NoteListModel.swift */ = {isa = PBXFileReference; lastKnownFileType = sourcecode.swift; path = NoteListModel.swift; sourceTree = "<group>"; };
		73DFA3802CB9B97D00B32204 /* NoteScreenModel.swift */ = {isa = PBXFileReference; lastKnownFileType = sourcecode.swift; path = NoteScreenModel.swift; sourceTree = "<group>"; };
		73FE6C332BC6C64700567D69 /* NoteScreenViewState.swift */ = {isa = PBXFileReference; lastKnownFileType = sourcecode.swift; path = NoteScreenViewState.swift; sourceTree = "<group>"; };
/* End PBXFileReference section */

/* Begin PBXFrameworksBuildPhase section */
		733DE6022957BF6900508D9C /* Frameworks */ = {
			isa = PBXFrameworksBuildPhase;
			buildActionMask = 2147483647;
			files = (
			);
			runOnlyForDeploymentPostprocessing = 0;
		};
		733DE6122957BF6B00508D9C /* Frameworks */ = {
			isa = PBXFrameworksBuildPhase;
			buildActionMask = 2147483647;
			files = (
			);
			runOnlyForDeploymentPostprocessing = 0;
		};
/* End PBXFrameworksBuildPhase section */

/* Begin PBXGroup section */
		733DE5FC2957BF6900508D9C = {
			isa = PBXGroup;
			children = (
				735575702CB5C5C70059EA24 /* Localizable.xcstrings */,
				733DE6072957BF6900508D9C /* MyNotes */,
				733DE6182957BF6B00508D9C /* MyNotesTests */,
				733DE6062957BF6900508D9C /* Products */,
			);
			sourceTree = "<group>";
		};
		733DE6062957BF6900508D9C /* Products */ = {
			isa = PBXGroup;
			children = (
				733DE6052957BF6900508D9C /* MyNotes.app */,
				733DE6152957BF6B00508D9C /* MyNotesTests.xctest */,
			);
			name = Products;
			sourceTree = "<group>";
		};
		733DE6072957BF6900508D9C /* MyNotes */ = {
			isa = PBXGroup;
			children = (
				73DFA3772CB9682D00B32204 /* PresentationLayer */,
				73924C5D2CB88F660034D62E /* DataLayer */,
				73924C572CB88B450034D62E /* DomainLayer */,
				7394189B2A820BB400AC553B /* Support */,
				73C72962295A499600BD4885 /* Models */,
				733DE6082957BF6900508D9C /* MyNotesApp.swift */,
				733DE6372957CA4700508D9C /* Images.xcassets */,
				733DE6392957CC6900508D9C /* Colors.xcassets */,
				733DE60C2957BF6B00508D9C /* Assets.xcassets */,
				733DE60E2957BF6B00508D9C /* Preview Content */,
			);
			path = MyNotes;
			sourceTree = "<group>";
		};
		733DE60E2957BF6B00508D9C /* Preview Content */ = {
			isa = PBXGroup;
			children = (
				733DE60F2957BF6B00508D9C /* Preview Assets.xcassets */,
			);
			path = "Preview Content";
			sourceTree = "<group>";
		};
		733DE6182957BF6B00508D9C /* MyNotesTests */ = {
			isa = PBXGroup;
			children = (
				733DE6192957BF6B00508D9C /* MyNotesTests.swift */,
			);
			path = MyNotesTests;
			sourceTree = "<group>";
		};
		733DE6322957BFAB00508D9C /* Views */ = {
			isa = PBXGroup;
			children = (
				736022922CBC5D5C002E645C /* CustomBottomNavigationBar.swift */,
				733DE6352957C01700508D9C /* CustomNavigationBar.swift */,
				730830A52986841C007F80E8 /* RoundedButtonStyle.swift */,
			);
			path = Views;
			sourceTree = "<group>";
		};
		735E99852CB83B4700436DCB /* Modifiers */ = {
			isa = PBXGroup;
			children = (
				735E99862CB83B4B00436DCB /* TextFieldClearButton.swift */,
				7360228E2CBC5896002E645C /* CustomNavigationBarViewModifier.swift */,
				736022902CBC5AD9002E645C /* CustomBottomNavigationBarViewModifier.swift */,
			);
			path = Modifiers;
			sourceTree = "<group>";
		};
		736022982CBC7BA2002E645C /* Mock */ = {
			isa = PBXGroup;
			children = (
				736022992CBC7BBE002E645C /* NoteEntityMock.swift */,
			);
			path = Mock;
			sourceTree = "<group>";
		};
		7378A6642CB8905F0074A5C4 /* Mapper */ = {
			isa = PBXGroup;
			children = (
				7378A6662CB8907E0074A5C4 /* NoteMapper.swift */,
			);
			path = Mapper;
			sourceTree = "<group>";
		};
		73924C572CB88B450034D62E /* DomainLayer */ = {
			isa = PBXGroup;
			children = (
				73DFA3672CB943EC00B32204 /* Repository */,
				73DFA3622CB9422B00B32204 /* UseCase */,
				73924C5C2CB88F550034D62E /* Entity */,
			);
			path = DomainLayer;
			sourceTree = "<group>";
		};
		73924C5C2CB88F550034D62E /* Entity */ = {
			isa = PBXGroup;
			children = (
				73924C5A2CB88E3E0034D62E /* Mood.swift */,
				73924C582CB88E290034D62E /* Note.swift */,
			);
			path = Entity;
			sourceTree = "<group>";
		};
		73924C5D2CB88F660034D62E /* DataLayer */ = {
			isa = PBXGroup;
			children = (
				736022982CBC7BA2002E645C /* Mock */,
				73DFA36C2CB9449900B32204 /* Repository */,
				7378A6642CB8905F0074A5C4 /* Mapper */,
				73924C5E2CB88F6D0034D62E /* Entity */,
			);
			path = DataLayer;
			sourceTree = "<group>";
		};
		73924C5E2CB88F6D0034D62E /* Entity */ = {
			isa = PBXGroup;
			children = (
				73924C5F2CB88F860034D62E /* NoteData.swift */,
			);
			path = Entity;
			sourceTree = "<group>";
		};
		7394189B2A820BB400AC553B /* Support */ = {
			isa = PBXGroup;
			children = (
				7394189C2A820BDA00AC553B /* PreviewNoteContainer.swift */,
			);
			path = Support;
			sourceTree = "<group>";
		};
		73C7295E295A3F9C00BD4885 /* Main */ = {
			isa = PBXGroup;
			children = (
				73C72960295A3FCD00BD4885 /* NoteCellView.swift */,
				73DFA37A2CB96FD400B32204 /* NoteListView.swift */,
				73DFA37C2CB9787200B32204 /* NoteListViewModel.swift */,
				73DFA37E2CB99A8D00B32204 /* NoteListModel.swift */,
				736022942CBC6DE1002E645C /* NoteListScreenBuilder.swift */,
			);
			path = Main;
			sourceTree = "<group>";
		};
		73C7295F295A3FA500BD4885 /* UserStories */ = {
			isa = PBXGroup;
			children = (
				73FE6C352BC6CA4400567D69 /* Note */,
				73C7295E295A3F9C00BD4885 /* Main */,
			);
			path = UserStories;
			sourceTree = "<group>";
		};
		73C72962295A499600BD4885 /* Models */ = {
			isa = PBXGroup;
			children = (
				7309C1BF2B83FCF200C63A66 /* AppSettings.swift */,
			);
			path = Models;
			sourceTree = "<group>";
		};
		73DFA3622CB9422B00B32204 /* UseCase */ = {
			isa = PBXGroup;
			children = (
				73DFA3632CB9424800B32204 /* SaveNoteUseCase.swift */,
				73DFA3652CB9432F00B32204 /* SaveNoteUseCaseImpl.swift */,
				73DFA36F2CB9473900B32204 /* FetchAllNotesUseCase.swift */,
				73DFA3712CB9478D00B32204 /* FetchAllNotesUseCaseImpl.swift */,
				73DFA3732CB9653600B32204 /* DeleteNoteUseCase.swift */,
				73DFA3752CB9655E00B32204 /* DeleteNoteUseCaseImpl.swift */,
			);
			path = UseCase;
			sourceTree = "<group>";
		};
		73DFA3672CB943EC00B32204 /* Repository */ = {
			isa = PBXGroup;
			children = (
				73DFA3682CB943FE00B32204 /* NoteRepository.swift */,
			);
			path = Repository;
			sourceTree = "<group>";
		};
		73DFA36C2CB9449900B32204 /* Repository */ = {
			isa = PBXGroup;
			children = (
				73DFA36D2CB9449C00B32204 /* NoteRepositoryImpl.swift */,
			);
			path = Repository;
			sourceTree = "<group>";
		};
		73DFA3772CB9682D00B32204 /* PresentationLayer */ = {
			isa = PBXGroup;
			children = (
				735E99852CB83B4700436DCB /* Modifiers */,
				73C7295F295A3FA500BD4885 /* UserStories */,
				733DE6322957BFAB00508D9C /* Views */,
				733DE60A2957BF6900508D9C /* ContentView.swift */,
				73DDE75B2CB56C670015FB29 /* SystemIcons.swift */,
			);
			path = PresentationLayer;
			sourceTree = "<group>";
		};
		73FE6C352BC6CA4400567D69 /* Note */ = {
			isa = PBXGroup;
			children = (
				730830A129868185007F80E8 /* NoteScreenView.swift */,
				7393B84E2A0C1EE70021BF2A /* NoteScreenViewModel.swift */,
				73D2E0952A23F94100FE0D6D /* NoteScreenFlow.swift */,
				73FE6C332BC6C64700567D69 /* NoteScreenViewState.swift */,
				73DFA3802CB9B97D00B32204 /* NoteScreenModel.swift */,
				736022962CBC6FE6002E645C /* NoteScreenBuilder.swift */,
			);
			path = Note;
			sourceTree = "<group>";
		};
/* End PBXGroup section */

/* Begin PBXNativeTarget section */
		733DE6042957BF6900508D9C /* MyNotes */ = {
			isa = PBXNativeTarget;
			buildConfigurationList = 733DE6292957BF6B00508D9C /* Build configuration list for PBXNativeTarget "MyNotes" */;
			buildPhases = (
				733DE6012957BF6900508D9C /* Sources */,
				733DE6022957BF6900508D9C /* Frameworks */,
				733DE6032957BF6900508D9C /* Resources */,
			);
			buildRules = (
			);
			dependencies = (
			);
			name = MyNotes;
			productName = MyNotes;
			productReference = 733DE6052957BF6900508D9C /* MyNotes.app */;
			productType = "com.apple.product-type.application";
		};
		733DE6142957BF6B00508D9C /* MyNotesTests */ = {
			isa = PBXNativeTarget;
			buildConfigurationList = 733DE62C2957BF6B00508D9C /* Build configuration list for PBXNativeTarget "MyNotesTests" */;
			buildPhases = (
				733DE6112957BF6B00508D9C /* Sources */,
				733DE6122957BF6B00508D9C /* Frameworks */,
				733DE6132957BF6B00508D9C /* Resources */,
			);
			buildRules = (
			);
			dependencies = (
				733DE6172957BF6B00508D9C /* PBXTargetDependency */,
			);
			name = MyNotesTests;
			productName = MyNotesTests;
			productReference = 733DE6152957BF6B00508D9C /* MyNotesTests.xctest */;
			productType = "com.apple.product-type.bundle.unit-test";
		};
/* End PBXNativeTarget section */

/* Begin PBXProject section */
		733DE5FD2957BF6900508D9C /* Project object */ = {
			isa = PBXProject;
			attributes = {
				BuildIndependentTargetsInParallel = 1;
				LastSwiftUpdateCheck = 1410;
				LastUpgradeCheck = 1410;
				TargetAttributes = {
					733DE6042957BF6900508D9C = {
						CreatedOnToolsVersion = 14.1;
					};
					733DE6142957BF6B00508D9C = {
						CreatedOnToolsVersion = 14.1;
						TestTargetID = 733DE6042957BF6900508D9C;
					};
				};
			};
			buildConfigurationList = 733DE6002957BF6900508D9C /* Build configuration list for PBXProject "MyNotes" */;
			compatibilityVersion = "Xcode 14.0";
			developmentRegion = en;
			hasScannedForEncodings = 0;
			knownRegions = (
				en,
				Base,
				ru,
			);
			mainGroup = 733DE5FC2957BF6900508D9C;
			productRefGroup = 733DE6062957BF6900508D9C /* Products */;
			projectDirPath = "";
			projectRoot = "";
			targets = (
				733DE6042957BF6900508D9C /* MyNotes */,
				733DE6142957BF6B00508D9C /* MyNotesTests */,
			);
		};
/* End PBXProject section */

/* Begin PBXResourcesBuildPhase section */
		733DE6032957BF6900508D9C /* Resources */ = {
			isa = PBXResourcesBuildPhase;
			buildActionMask = 2147483647;
			files = (
				733DE6382957CA4700508D9C /* Images.xcassets in Resources */,
				735575712CB5C5C70059EA24 /* Localizable.xcstrings in Resources */,
				733DE63A2957CC6900508D9C /* Colors.xcassets in Resources */,
				733DE6102957BF6B00508D9C /* Preview Assets.xcassets in Resources */,
				733DE60D2957BF6B00508D9C /* Assets.xcassets in Resources */,
			);
			runOnlyForDeploymentPostprocessing = 0;
		};
		733DE6132957BF6B00508D9C /* Resources */ = {
			isa = PBXResourcesBuildPhase;
			buildActionMask = 2147483647;
			files = (
			);
			runOnlyForDeploymentPostprocessing = 0;
		};
/* End PBXResourcesBuildPhase section */

/* Begin PBXSourcesBuildPhase section */
		733DE6012957BF6900508D9C /* Sources */ = {
			isa = PBXSourcesBuildPhase;
			buildActionMask = 2147483647;
			files = (
				73D2E0962A23F94100FE0D6D /* NoteScreenFlow.swift in Sources */,
				735E99872CB83B4B00436DCB /* TextFieldClearButton.swift in Sources */,
				73DDE75C2CB56C670015FB29 /* SystemIcons.swift in Sources */,
				73DFA36E2CB9449C00B32204 /* NoteRepositoryImpl.swift in Sources */,
				73DFA3742CB9653600B32204 /* DeleteNoteUseCase.swift in Sources */,
				7360228F2CBC5896002E645C /* CustomNavigationBarViewModifier.swift in Sources */,
				73DFA3692CB943FE00B32204 /* NoteRepository.swift in Sources */,
				736022912CBC5AD9002E645C /* CustomBottomNavigationBarViewModifier.swift in Sources */,
				7360229A2CBC7BBE002E645C /* NoteEntityMock.swift in Sources */,
				73DFA37F2CB99A8D00B32204 /* NoteListModel.swift in Sources */,
				73FE6C342BC6C64700567D69 /* NoteScreenViewState.swift in Sources */,
				73DFA3642CB9424800B32204 /* SaveNoteUseCase.swift in Sources */,
				73924C5B2CB88E3E0034D62E /* Mood.swift in Sources */,
				736022972CBC6FE6002E645C /* NoteScreenBuilder.swift in Sources */,
				7309C1C02B83FCF200C63A66 /* AppSettings.swift in Sources */,
				73DFA3722CB9478D00B32204 /* FetchAllNotesUseCaseImpl.swift in Sources */,
				73DFA3762CB9655E00B32204 /* DeleteNoteUseCaseImpl.swift in Sources */,
				73C72961295A3FCD00BD4885 /* NoteCellView.swift in Sources */,
				7393B84F2A0C1EE70021BF2A /* NoteScreenViewModel.swift in Sources */,
				730830A229868185007F80E8 /* NoteScreenView.swift in Sources */,
				73DFA37D2CB9787200B32204 /* NoteListViewModel.swift in Sources */,
				733DE6362957C01700508D9C /* CustomNavigationBar.swift in Sources */,
				73DFA3812CB9B97D00B32204 /* NoteScreenModel.swift in Sources */,
				73DFA37B2CB96FD400B32204 /* NoteListView.swift in Sources */,
				7378A6672CB8907E0074A5C4 /* NoteMapper.swift in Sources */,
				73924C592CB88E290034D62E /* Note.swift in Sources */,
				73DFA3662CB9432F00B32204 /* SaveNoteUseCaseImpl.swift in Sources */,
				73DFA3702CB9473900B32204 /* FetchAllNotesUseCase.swift in Sources */,
				736022952CBC6DE1002E645C /* NoteListScreenBuilder.swift in Sources */,
				73924C602CB88F860034D62E /* NoteData.swift in Sources */,
				730830A62986841C007F80E8 /* RoundedButtonStyle.swift in Sources */,
				733DE60B2957BF6900508D9C /* ContentView.swift in Sources */,
				736022932CBC5D5C002E645C /* CustomBottomNavigationBar.swift in Sources */,
				7394189D2A820BDA00AC553B /* PreviewNoteContainer.swift in Sources */,
				733DE6092957BF6900508D9C /* MyNotesApp.swift in Sources */,
			);
			runOnlyForDeploymentPostprocessing = 0;
		};
		733DE6112957BF6B00508D9C /* Sources */ = {
			isa = PBXSourcesBuildPhase;
			buildActionMask = 2147483647;
			files = (
				733DE61A2957BF6B00508D9C /* MyNotesTests.swift in Sources */,
			);
			runOnlyForDeploymentPostprocessing = 0;
		};
/* End PBXSourcesBuildPhase section */

/* Begin PBXTargetDependency section */
		733DE6172957BF6B00508D9C /* PBXTargetDependency */ = {
			isa = PBXTargetDependency;
			target = 733DE6042957BF6900508D9C /* MyNotes */;
			targetProxy = 733DE6162957BF6B00508D9C /* PBXContainerItemProxy */;
		};
/* End PBXTargetDependency section */

/* Begin XCBuildConfiguration section */
		733DE6272957BF6B00508D9C /* Debug */ = {
			isa = XCBuildConfiguration;
			buildSettings = {
				ALWAYS_SEARCH_USER_PATHS = NO;
				CLANG_ANALYZER_NONNULL = YES;
				CLANG_ANALYZER_NUMBER_OBJECT_CONVERSION = YES_AGGRESSIVE;
				CLANG_CXX_LANGUAGE_STANDARD = "gnu++20";
				CLANG_ENABLE_MODULES = YES;
				CLANG_ENABLE_OBJC_ARC = YES;
				CLANG_ENABLE_OBJC_WEAK = YES;
				CLANG_WARN_BLOCK_CAPTURE_AUTORELEASING = YES;
				CLANG_WARN_BOOL_CONVERSION = YES;
				CLANG_WARN_COMMA = YES;
				CLANG_WARN_CONSTANT_CONVERSION = YES;
				CLANG_WARN_DEPRECATED_OBJC_IMPLEMENTATIONS = YES;
				CLANG_WARN_DIRECT_OBJC_ISA_USAGE = YES_ERROR;
				CLANG_WARN_DOCUMENTATION_COMMENTS = YES;
				CLANG_WARN_EMPTY_BODY = YES;
				CLANG_WARN_ENUM_CONVERSION = YES;
				CLANG_WARN_INFINITE_RECURSION = YES;
				CLANG_WARN_INT_CONVERSION = YES;
				CLANG_WARN_NON_LITERAL_NULL_CONVERSION = YES;
				CLANG_WARN_OBJC_IMPLICIT_RETAIN_SELF = YES;
				CLANG_WARN_OBJC_LITERAL_CONVERSION = YES;
				CLANG_WARN_OBJC_ROOT_CLASS = YES_ERROR;
				CLANG_WARN_QUOTED_INCLUDE_IN_FRAMEWORK_HEADER = YES;
				CLANG_WARN_RANGE_LOOP_ANALYSIS = YES;
				CLANG_WARN_STRICT_PROTOTYPES = YES;
				CLANG_WARN_SUSPICIOUS_MOVE = YES;
				CLANG_WARN_UNGUARDED_AVAILABILITY = YES_AGGRESSIVE;
				CLANG_WARN_UNREACHABLE_CODE = YES;
				CLANG_WARN__DUPLICATE_METHOD_MATCH = YES;
				COPY_PHASE_STRIP = NO;
				DEBUG_INFORMATION_FORMAT = dwarf;
				ENABLE_STRICT_OBJC_MSGSEND = YES;
				ENABLE_TESTABILITY = YES;
				GCC_C_LANGUAGE_STANDARD = gnu11;
				GCC_DYNAMIC_NO_PIC = NO;
				GCC_NO_COMMON_BLOCKS = YES;
				GCC_OPTIMIZATION_LEVEL = 0;
				GCC_PREPROCESSOR_DEFINITIONS = (
					"DEBUG=1",
					"$(inherited)",
				);
				GCC_WARN_64_TO_32_BIT_CONVERSION = YES;
				GCC_WARN_ABOUT_RETURN_TYPE = YES_ERROR;
				GCC_WARN_UNDECLARED_SELECTOR = YES;
				GCC_WARN_UNINITIALIZED_AUTOS = YES_AGGRESSIVE;
				GCC_WARN_UNUSED_FUNCTION = YES;
				GCC_WARN_UNUSED_VARIABLE = YES;
				IPHONEOS_DEPLOYMENT_TARGET = 17.0;
				MTL_ENABLE_DEBUG_INFO = INCLUDE_SOURCE;
				MTL_FAST_MATH = YES;
				ONLY_ACTIVE_ARCH = YES;
				SDKROOT = iphoneos;
				SWIFT_ACTIVE_COMPILATION_CONDITIONS = DEBUG;
				SWIFT_EMIT_LOC_STRINGS = YES;
				SWIFT_OPTIMIZATION_LEVEL = "-Onone";
			};
			name = Debug;
		};
		733DE6282957BF6B00508D9C /* Release */ = {
			isa = XCBuildConfiguration;
			buildSettings = {
				ALWAYS_SEARCH_USER_PATHS = NO;
				CLANG_ANALYZER_NONNULL = YES;
				CLANG_ANALYZER_NUMBER_OBJECT_CONVERSION = YES_AGGRESSIVE;
				CLANG_CXX_LANGUAGE_STANDARD = "gnu++20";
				CLANG_ENABLE_MODULES = YES;
				CLANG_ENABLE_OBJC_ARC = YES;
				CLANG_ENABLE_OBJC_WEAK = YES;
				CLANG_WARN_BLOCK_CAPTURE_AUTORELEASING = YES;
				CLANG_WARN_BOOL_CONVERSION = YES;
				CLANG_WARN_COMMA = YES;
				CLANG_WARN_CONSTANT_CONVERSION = YES;
				CLANG_WARN_DEPRECATED_OBJC_IMPLEMENTATIONS = YES;
				CLANG_WARN_DIRECT_OBJC_ISA_USAGE = YES_ERROR;
				CLANG_WARN_DOCUMENTATION_COMMENTS = YES;
				CLANG_WARN_EMPTY_BODY = YES;
				CLANG_WARN_ENUM_CONVERSION = YES;
				CLANG_WARN_INFINITE_RECURSION = YES;
				CLANG_WARN_INT_CONVERSION = YES;
				CLANG_WARN_NON_LITERAL_NULL_CONVERSION = YES;
				CLANG_WARN_OBJC_IMPLICIT_RETAIN_SELF = YES;
				CLANG_WARN_OBJC_LITERAL_CONVERSION = YES;
				CLANG_WARN_OBJC_ROOT_CLASS = YES_ERROR;
				CLANG_WARN_QUOTED_INCLUDE_IN_FRAMEWORK_HEADER = YES;
				CLANG_WARN_RANGE_LOOP_ANALYSIS = YES;
				CLANG_WARN_STRICT_PROTOTYPES = YES;
				CLANG_WARN_SUSPICIOUS_MOVE = YES;
				CLANG_WARN_UNGUARDED_AVAILABILITY = YES_AGGRESSIVE;
				CLANG_WARN_UNREACHABLE_CODE = YES;
				CLANG_WARN__DUPLICATE_METHOD_MATCH = YES;
				COPY_PHASE_STRIP = NO;
				DEBUG_INFORMATION_FORMAT = "dwarf-with-dsym";
				ENABLE_NS_ASSERTIONS = NO;
				ENABLE_STRICT_OBJC_MSGSEND = YES;
				GCC_C_LANGUAGE_STANDARD = gnu11;
				GCC_NO_COMMON_BLOCKS = YES;
				GCC_WARN_64_TO_32_BIT_CONVERSION = YES;
				GCC_WARN_ABOUT_RETURN_TYPE = YES_ERROR;
				GCC_WARN_UNDECLARED_SELECTOR = YES;
				GCC_WARN_UNINITIALIZED_AUTOS = YES_AGGRESSIVE;
				GCC_WARN_UNUSED_FUNCTION = YES;
				GCC_WARN_UNUSED_VARIABLE = YES;
				IPHONEOS_DEPLOYMENT_TARGET = 17.0;
				MTL_ENABLE_DEBUG_INFO = NO;
				MTL_FAST_MATH = YES;
				SDKROOT = iphoneos;
				SWIFT_COMPILATION_MODE = wholemodule;
				SWIFT_EMIT_LOC_STRINGS = YES;
				SWIFT_OPTIMIZATION_LEVEL = "-O";
				VALIDATE_PRODUCT = YES;
			};
			name = Release;
		};
		733DE62A2957BF6B00508D9C /* Debug */ = {
			isa = XCBuildConfiguration;
			buildSettings = {
				ASSETCATALOG_COMPILER_ALTERNATE_APPICON_NAMES = "SpringAppIcon SummerAppIcon AutumnAppIcon WinterAppIcon";
				ASSETCATALOG_COMPILER_APPICON_NAME = AppIcon;
				ASSETCATALOG_COMPILER_GLOBAL_ACCENT_COLOR_NAME = AccentColor;
				ASSETCATALOG_COMPILER_INCLUDE_ALL_APPICON_ASSETS = YES;
				CODE_SIGN_STYLE = Automatic;
				CURRENT_PROJECT_VERSION = 1;
				DEVELOPMENT_ASSET_PATHS = "\"MyNotes/Preview Content\"";
				DEVELOPMENT_TEAM = Z22BS5844A;
				ENABLE_PREVIEWS = YES;
				GENERATE_INFOPLIST_FILE = YES;
				INFOPLIST_KEY_LSApplicationCategoryType = "public.app-category.lifestyle";
				INFOPLIST_KEY_UIApplicationSceneManifest_Generation = YES;
				INFOPLIST_KEY_UIApplicationSupportsIndirectInputEvents = YES;
				INFOPLIST_KEY_UILaunchScreen_Generation = YES;
				INFOPLIST_KEY_UIStatusBarStyle = UIStatusBarStyleLightContent;
				INFOPLIST_KEY_UISupportedInterfaceOrientations = UIInterfaceOrientationPortrait;
				IPHONEOS_DEPLOYMENT_TARGET = 17.0;
				LD_RUNPATH_SEARCH_PATHS = (
					"$(inherited)",
					"@executable_path/Frameworks",
				);
				MARKETING_VERSION = 1.0;
				PRODUCT_BUNDLE_IDENTIFIER = com.nikendo.app.MyNotes;
				PRODUCT_NAME = "$(TARGET_NAME)";
				SUPPORTED_PLATFORMS = "iphoneos iphonesimulator";
				SUPPORTS_MACCATALYST = NO;
				SUPPORTS_MAC_DESIGNED_FOR_IPHONE_IPAD = NO;
				SUPPORTS_XR_DESIGNED_FOR_IPHONE_IPAD = NO;
				SWIFT_EMIT_LOC_STRINGS = YES;
				SWIFT_VERSION = 5.0;
				TARGETED_DEVICE_FAMILY = 1;
			};
			name = Debug;
		};
		733DE62B2957BF6B00508D9C /* Release */ = {
			isa = XCBuildConfiguration;
			buildSettings = {
				ASSETCATALOG_COMPILER_ALTERNATE_APPICON_NAMES = "SpringAppIcon SummerAppIcon AutumnAppIcon WinterAppIcon";
				ASSETCATALOG_COMPILER_APPICON_NAME = AppIcon;
				ASSETCATALOG_COMPILER_GLOBAL_ACCENT_COLOR_NAME = AccentColor;
				ASSETCATALOG_COMPILER_INCLUDE_ALL_APPICON_ASSETS = YES;
				CODE_SIGN_STYLE = Automatic;
				CURRENT_PROJECT_VERSION = 1;
				DEVELOPMENT_ASSET_PATHS = "\"MyNotes/Preview Content\"";
				DEVELOPMENT_TEAM = Z22BS5844A;
				ENABLE_PREVIEWS = YES;
				GENERATE_INFOPLIST_FILE = YES;
				INFOPLIST_KEY_LSApplicationCategoryType = "public.app-category.lifestyle";
				INFOPLIST_KEY_UIApplicationSceneManifest_Generation = YES;
				INFOPLIST_KEY_UIApplicationSupportsIndirectInputEvents = YES;
				INFOPLIST_KEY_UILaunchScreen_Generation = YES;
				INFOPLIST_KEY_UIStatusBarStyle = UIStatusBarStyleLightContent;
				INFOPLIST_KEY_UISupportedInterfaceOrientations = UIInterfaceOrientationPortrait;
				IPHONEOS_DEPLOYMENT_TARGET = 17.0;
				LD_RUNPATH_SEARCH_PATHS = (
					"$(inherited)",
					"@executable_path/Frameworks",
				);
				MARKETING_VERSION = 1.0;
				PRODUCT_BUNDLE_IDENTIFIER = com.nikendo.app.MyNotes;
				PRODUCT_NAME = "$(TARGET_NAME)";
				SUPPORTED_PLATFORMS = "iphoneos iphonesimulator";
				SUPPORTS_MACCATALYST = NO;
				SUPPORTS_MAC_DESIGNED_FOR_IPHONE_IPAD = NO;
				SUPPORTS_XR_DESIGNED_FOR_IPHONE_IPAD = NO;
				SWIFT_EMIT_LOC_STRINGS = YES;
				SWIFT_VERSION = 5.0;
				TARGETED_DEVICE_FAMILY = 1;
			};
			name = Release;
		};
		733DE62D2957BF6B00508D9C /* Debug */ = {
			isa = XCBuildConfiguration;
			buildSettings = {
				ALWAYS_EMBED_SWIFT_STANDARD_LIBRARIES = YES;
				BUNDLE_LOADER = "$(TEST_HOST)";
				CODE_SIGN_STYLE = Automatic;
				CURRENT_PROJECT_VERSION = 1;
				DEVELOPMENT_TEAM = Z22BS5844A;
				GENERATE_INFOPLIST_FILE = YES;
				IPHONEOS_DEPLOYMENT_TARGET = 17.0;
				MARKETING_VERSION = 1.0;
				PRODUCT_BUNDLE_IDENTIFIER = com.nikendo.app.MyNotesTests;
				PRODUCT_NAME = "$(TARGET_NAME)";
				SUPPORTED_PLATFORMS = "iphoneos iphonesimulator";
				SUPPORTS_MACCATALYST = NO;
				SUPPORTS_MAC_DESIGNED_FOR_IPHONE_IPAD = NO;
				SUPPORTS_XR_DESIGNED_FOR_IPHONE_IPAD = NO;
				SWIFT_EMIT_LOC_STRINGS = NO;
				SWIFT_VERSION = 5.0;
				TARGETED_DEVICE_FAMILY = 1;
				TEST_HOST = "$(BUILT_PRODUCTS_DIR)/MyNotes.app/$(BUNDLE_EXECUTABLE_FOLDER_PATH)/MyNotes";
			};
			name = Debug;
		};
		733DE62E2957BF6B00508D9C /* Release */ = {
			isa = XCBuildConfiguration;
			buildSettings = {
				ALWAYS_EMBED_SWIFT_STANDARD_LIBRARIES = YES;
				BUNDLE_LOADER = "$(TEST_HOST)";
				CODE_SIGN_STYLE = Automatic;
				CURRENT_PROJECT_VERSION = 1;
				DEVELOPMENT_TEAM = Z22BS5844A;
				GENERATE_INFOPLIST_FILE = YES;
				IPHONEOS_DEPLOYMENT_TARGET = 17.0;
				MARKETING_VERSION = 1.0;
				PRODUCT_BUNDLE_IDENTIFIER = com.nikendo.app.MyNotesTests;
				PRODUCT_NAME = "$(TARGET_NAME)";
				SUPPORTED_PLATFORMS = "iphoneos iphonesimulator";
				SUPPORTS_MACCATALYST = NO;
				SUPPORTS_MAC_DESIGNED_FOR_IPHONE_IPAD = NO;
				SUPPORTS_XR_DESIGNED_FOR_IPHONE_IPAD = NO;
				SWIFT_EMIT_LOC_STRINGS = NO;
				SWIFT_VERSION = 5.0;
				TARGETED_DEVICE_FAMILY = 1;
				TEST_HOST = "$(BUILT_PRODUCTS_DIR)/MyNotes.app/$(BUNDLE_EXECUTABLE_FOLDER_PATH)/MyNotes";
			};
			name = Release;
		};
/* End XCBuildConfiguration section */

/* Begin XCConfigurationList section */
		733DE6002957BF6900508D9C /* Build configuration list for PBXProject "MyNotes" */ = {
			isa = XCConfigurationList;
			buildConfigurations = (
				733DE6272957BF6B00508D9C /* Debug */,
				733DE6282957BF6B00508D9C /* Release */,
			);
			defaultConfigurationIsVisible = 0;
			defaultConfigurationName = Release;
		};
		733DE6292957BF6B00508D9C /* Build configuration list for PBXNativeTarget "MyNotes" */ = {
			isa = XCConfigurationList;
			buildConfigurations = (
				733DE62A2957BF6B00508D9C /* Debug */,
				733DE62B2957BF6B00508D9C /* Release */,
			);
			defaultConfigurationIsVisible = 0;
			defaultConfigurationName = Release;
		};
		733DE62C2957BF6B00508D9C /* Build configuration list for PBXNativeTarget "MyNotesTests" */ = {
			isa = XCConfigurationList;
			buildConfigurations = (
				733DE62D2957BF6B00508D9C /* Debug */,
				733DE62E2957BF6B00508D9C /* Release */,
			);
			defaultConfigurationIsVisible = 0;
			defaultConfigurationName = Release;
		};
/* End XCConfigurationList section */
	};
	rootObject = 733DE5FD2957BF6900508D9C /* Project object */;
}
